// !$*UTF8*$!
{
	archiveVersion = 1;
	classes = {
	};
	objectVersion = 46;
	objects = {

/* Begin PBXBuildFile section */
		1102B64F16361B95008DFB95 /* Stat.m in Sources */ = {isa = PBXBuildFile; fileRef = 1102B64E16361B95008DFB95 /* Stat.m */; };
		1102B65316361BAF008DFB95 /* Information.m in Sources */ = {isa = PBXBuildFile; fileRef = 1102B65216361BAF008DFB95 /* Information.m */; };
		1171E1951676C61600E4DDC7 /* AddNewUserDrinkViewController.m in Sources */ = {isa = PBXBuildFile; fileRef = 1171E1941676C61600E4DDC7 /* AddNewUserDrinkViewController.m */; };
		117C2BBE1669708F001DC316 /* ListOfDrinksViewController.m in Sources */ = {isa = PBXBuildFile; fileRef = 117C2BBD1669708F001DC316 /* ListOfDrinksViewController.m */; };
		11885C5C166C094900A85B5E /* MapKit.framework in Frameworks */ = {isa = PBXBuildFile; fileRef = 11885C5B166C094900A85B5E /* MapKit.framework */; };
		11885C5F166C095000A85B5E /* CoreLocation.framework in Frameworks */ = {isa = PBXBuildFile; fileRef = 11885C5E166C095000A85B5E /* CoreLocation.framework */; };
		11914BFC167AED5100934D90 /* help.html in Resources */ = {isa = PBXBuildFile; fileRef = 11914BFB167AED5100934D90 /* help.html */; };
		11A6104E166E0D2900E0E4A9 /* Annotation.m in Sources */ = {isa = PBXBuildFile; fileRef = 11A6104D166E0D2900E0E4A9 /* Annotation.m */; };
		11A61052166E0DCB00E0E4A9 /* MapViewController.m in Sources */ = {isa = PBXBuildFile; fileRef = 11A61051166E0DCB00E0E4A9 /* MapViewController.m */; };
		11C5A16B167A55BE00CC1641 /* HistoryMapViewController.m in Sources */ = {isa = PBXBuildFile; fileRef = 11C5A16A167A55BE00CC1641 /* HistoryMapViewController.m */; };
		11EC66501635D8DC00F702D1 /* ListOfDrinks.m in Sources */ = {isa = PBXBuildFile; fileRef = 11EC664F1635D8DC00F702D1 /* ListOfDrinks.m */; };
		11EC66541635E14E00F702D1 /* Drink.m in Sources */ = {isa = PBXBuildFile; fileRef = 11EC66531635E14E00F702D1 /* Drink.m */; };
		560134F1163641AC008706AA /* Main_Navigation_View_Controller.m in Sources */ = {isa = PBXBuildFile; fileRef = 560134F0163641AC008706AA /* Main_Navigation_View_Controller.m */; };
		5612391A1663DAA2004E0F07 /* DrinkHistoryViewController.m in Sources */ = {isa = PBXBuildFile; fileRef = 561239191663DAA2004E0F07 /* DrinkHistoryViewController.m */; };
		561360BD1654214C00AC5025 /* MainStoryboard.storyboard in Resources */ = {isa = PBXBuildFile; fileRef = 561360BB1654214C00AC5025 /* MainStoryboard.storyboard */; };
		561360E21654245000AC5025 /* DrinkListTableViewController.m in Sources */ = {isa = PBXBuildFile; fileRef = 561360DD1654245000AC5025 /* DrinkListTableViewController.m */; };
		561360E31654245000AC5025 /* HistoryMenuViewController.m in Sources */ = {isa = PBXBuildFile; fileRef = 561360DF1654245000AC5025 /* HistoryMenuViewController.m */; };
		562345901676CAEC003B6135 /* HistoryTableViewController.m in Sources */ = {isa = PBXBuildFile; fileRef = 5623458F1676CAEC003B6135 /* HistoryTableViewController.m */; };
		562345A01676E41F003B6135 /* drinkbutton.png in Resources */ = {isa = PBXBuildFile; fileRef = 562345961676E41F003B6135 /* drinkbutton.png */; };
		5633032C166991D90063F469 /* beer_icon.png in Resources */ = {isa = PBXBuildFile; fileRef = 56330329166991D90063F469 /* beer_icon.png */; };
		5633032D166991D90063F469 /* liqour_icon.png in Resources */ = {isa = PBXBuildFile; fileRef = 5633032A166991D90063F469 /* liqour_icon.png */; };
		5633032E166991D90063F469 /* wine_icon.png in Resources */ = {isa = PBXBuildFile; fileRef = 5633032B166991D90063F469 /* wine_icon.png */; };
		56330335166993AE0063F469 /* help_button copy.png in Resources */ = {isa = PBXBuildFile; fileRef = 56330332166993AE0063F469 /* help_button copy.png */; };
		56330336166993AE0063F469 /* home_background_image.png in Resources */ = {isa = PBXBuildFile; fileRef = 56330333166993AE0063F469 /* home_background_image.png */; };
		5638ECDC1671A8E3000C4096 /* night_background.png in Resources */ = {isa = PBXBuildFile; fileRef = 5638ECD21671A8E3000C4096 /* night_background.png */; };
		5638ECDD1671A8E3000C4096 /* night_background@2x.png in Resources */ = {isa = PBXBuildFile; fileRef = 5638ECD31671A8E3000C4096 /* night_background@2x.png */; };
		5638ECDE1671A8E3000C4096 /* night_background_5.png in Resources */ = {isa = PBXBuildFile; fileRef = 5638ECD41671A8E3000C4096 /* night_background_5.png */; };
		5638ECDF1671A8E3000C4096 /* beer_button.png in Resources */ = {isa = PBXBuildFile; fileRef = 5638ECD61671A8E3000C4096 /* beer_button.png */; };
		5638ECE11671A8E3000C4096 /* hardalc_button.png in Resources */ = {isa = PBXBuildFile; fileRef = 5638ECD81671A8E3000C4096 /* hardalc_button.png */; };
		5638ECE21671A8E3000C4096 /* stats_button.png in Resources */ = {isa = PBXBuildFile; fileRef = 5638ECD91671A8E3000C4096 /* stats_button.png */; };
		5638ECE31671A8E3000C4096 /* wine_button.png in Resources */ = {isa = PBXBuildFile; fileRef = 5638ECDA1671A8E3000C4096 /* wine_button.png */; };
		5638ECE71671AFBC000C4096 /* end_button.png in Resources */ = {isa = PBXBuildFile; fileRef = 5638ECE61671AFBC000C4096 /* end_button.png */; };
		563AE63916AF1AF300415DA5 /* disclamerViewController.m in Sources */ = {isa = PBXBuildFile; fileRef = 563AE63816AF1AF300415DA5 /* disclamerViewController.m */; };
		565D03DE1638645D00819D3D /* HardLiquorViewController.m in Sources */ = {isa = PBXBuildFile; fileRef = 565D03DD1638645D00819D3D /* HardLiquorViewController.m */; };
		565D03E11638649F00819D3D /* BeerViewController.m in Sources */ = {isa = PBXBuildFile; fileRef = 565D03E01638649F00819D3D /* BeerViewController.m */; };
		565D03E4163864AA00819D3D /* WineViewController.m in Sources */ = {isa = PBXBuildFile; fileRef = 565D03E3163864AA00819D3D /* WineViewController.m */; };
		56605FE716349E3B00CD506E /* Help_View_ControllerViewController.m in Sources */ = {isa = PBXBuildFile; fileRef = 56605FE616349E3B00CD506E /* Help_View_ControllerViewController.m */; };
		56605FF016349EFE00CD506E /* Credits_View_Controller.m in Sources */ = {isa = PBXBuildFile; fileRef = 56605FEF16349EFE00CD506E /* Credits_View_Controller.m */; };
		56605FF316349F6200CD506E /* Main_Night_View_Controller.m in Sources */ = {isa = PBXBuildFile; fileRef = 56605FF216349F6200CD506E /* Main_Night_View_Controller.m */; };
		566CF3FA1679985000543E46 /* MapDrinkViewController.m in Sources */ = {isa = PBXBuildFile; fileRef = 566CF3F91679985000543E46 /* MapDrinkViewController.m */; };
		566CF4161679B0E500543E46 /* Drink.png in Resources */ = {isa = PBXBuildFile; fileRef = 566CF4041679B0E500543E46 /* Drink.png */; };
		566CF4171679B0E500543E46 /* 12oz.png in Resources */ = {isa = PBXBuildFile; fileRef = 566CF4061679B0E500543E46 /* 12oz.png */; };
		566CF4181679B0E500543E46 /* 12ozcheck.png in Resources */ = {isa = PBXBuildFile; fileRef = 566CF4071679B0E500543E46 /* 12ozcheck.png */; };
		566CF4191679B0E500543E46 /* 24oz.png in Resources */ = {isa = PBXBuildFile; fileRef = 566CF4081679B0E500543E46 /* 24oz.png */; };
		566CF41A1679B0E500543E46 /* 24ozcheck.png in Resources */ = {isa = PBXBuildFile; fileRef = 566CF4091679B0E500543E46 /* 24ozcheck.png */; };
		566CF41B1679B0E500543E46 /* 40oz.png in Resources */ = {isa = PBXBuildFile; fileRef = 566CF40A1679B0E500543E46 /* 40oz.png */; };
		566CF41C1679B0E500543E46 /* 40ozcheck.png in Resources */ = {isa = PBXBuildFile; fileRef = 566CF40B1679B0E500543E46 /* 40ozcheck.png */; };
		566CF41D1679B0E500543E46 /* mixeddrink.png in Resources */ = {isa = PBXBuildFile; fileRef = 566CF40D1679B0E500543E46 /* mixeddrink.png */; };
		566CF41E1679B0E500543E46 /* mixeddrinkcheck.png in Resources */ = {isa = PBXBuildFile; fileRef = 566CF40E1679B0E500543E46 /* mixeddrinkcheck.png */; };
		566CF41F1679B0E500543E46 /* shot.png in Resources */ = {isa = PBXBuildFile; fileRef = 566CF40F1679B0E500543E46 /* shot.png */; };
		566CF4201679B0E500543E46 /* shotcheck.png in Resources */ = {isa = PBXBuildFile; fileRef = 566CF4101679B0E500543E46 /* shotcheck.png */; };
		566CF4211679B0E500543E46 /* 750bottle.png in Resources */ = {isa = PBXBuildFile; fileRef = 566CF4121679B0E500543E46 /* 750bottle.png */; };
		566CF4221679B0E500543E46 /* 750bottlecheck.png in Resources */ = {isa = PBXBuildFile; fileRef = 566CF4131679B0E500543E46 /* 750bottlecheck.png */; };
		566CF4231679B0E500543E46 /* glass.png in Resources */ = {isa = PBXBuildFile; fileRef = 566CF4141679B0E500543E46 /* glass.png */; };
		566CF4241679B0E500543E46 /* glasscheck.png in Resources */ = {isa = PBXBuildFile; fileRef = 566CF4151679B0E500543E46 /* glasscheck.png */; };
		566DC0421678414A00B05D74 /* Credits.png in Resources */ = {isa = PBXBuildFile; fileRef = 566DC0411678414A00B05D74 /* Credits.png */; };
		56709950166D5D230021CEFF /* SettingsTableViewController.m in Sources */ = {isa = PBXBuildFile; fileRef = 5670994F166D5D230021CEFF /* SettingsTableViewController.m */; };
		5676A0761671E04F0011AC0D /* home_background.png in Resources */ = {isa = PBXBuildFile; fileRef = 5676A06D1671E04F0011AC0D /* home_background.png */; };
		5676A0771671E04F0011AC0D /* home_background@2x.png in Resources */ = {isa = PBXBuildFile; fileRef = 5676A06E1671E04F0011AC0D /* home_background@2x.png */; };
		5676A0781671E04F0011AC0D /* home_background_5.png in Resources */ = {isa = PBXBuildFile; fileRef = 5676A06F1671E04F0011AC0D /* home_background_5.png */; };
		5676A0791671E04F0011AC0D /* help_button.png in Resources */ = {isa = PBXBuildFile; fileRef = 5676A0711671E04F0011AC0D /* help_button.png */; };
		5676A07A1671E04F0011AC0D /* history_button.png in Resources */ = {isa = PBXBuildFile; fileRef = 5676A0721671E04F0011AC0D /* history_button.png */; };
		5676A07B1671E04F0011AC0D /* settings_button.png in Resources */ = {isa = PBXBuildFile; fileRef = 5676A0731671E04F0011AC0D /* settings_button.png */; };
		5676A07C1671E04F0011AC0D /* start_button.png in Resources */ = {isa = PBXBuildFile; fileRef = 5676A0741671E04F0011AC0D /* start_button.png */; };
		5676A07D1671E04F0011AC0D /* home_page_ref.png in Resources */ = {isa = PBXBuildFile; fileRef = 5676A0751671E04F0011AC0D /* home_page_ref.png */; };
		5693114E16363423005D89DA /* ViewController.m in Sources */ = {isa = PBXBuildFile; fileRef = 5693114D16363423005D89DA /* ViewController.m */; };
		569BFDF2167AFEB200129E27 /* HistoryDrinkMapViewController.m in Sources */ = {isa = PBXBuildFile; fileRef = 569BFDF1167AFEB200129E27 /* HistoryDrinkMapViewController.m */; };
		56AE4BAD163201CB000F28D3 /* UIKit.framework in Frameworks */ = {isa = PBXBuildFile; fileRef = 56AE4BAC163201CB000F28D3 /* UIKit.framework */; };
		56AE4BAF163201CB000F28D3 /* Foundation.framework in Frameworks */ = {isa = PBXBuildFile; fileRef = 56AE4BAE163201CB000F28D3 /* Foundation.framework */; };
		56AE4BB1163201CB000F28D3 /* CoreGraphics.framework in Frameworks */ = {isa = PBXBuildFile; fileRef = 56AE4BB0163201CB000F28D3 /* CoreGraphics.framework */; };
		56AE4BB7163201CB000F28D3 /* InfoPlist.strings in Resources */ = {isa = PBXBuildFile; fileRef = 56AE4BB5163201CB000F28D3 /* InfoPlist.strings */; };
		56AE4BB9163201CB000F28D3 /* main.m in Sources */ = {isa = PBXBuildFile; fileRef = 56AE4BB8163201CB000F28D3 /* main.m */; };
		56AE4BBD163201CB000F28D3 /* AppDelegate.m in Sources */ = {isa = PBXBuildFile; fileRef = 56AE4BBC163201CB000F28D3 /* AppDelegate.m */; };
		56AE4BD1163201CC000F28D3 /* SenTestingKit.framework in Frameworks */ = {isa = PBXBuildFile; fileRef = 56AE4BD0163201CC000F28D3 /* SenTestingKit.framework */; };
		56AE4BD2163201CC000F28D3 /* UIKit.framework in Frameworks */ = {isa = PBXBuildFile; fileRef = 56AE4BAC163201CB000F28D3 /* UIKit.framework */; };
		56AE4BD3163201CC000F28D3 /* Foundation.framework in Frameworks */ = {isa = PBXBuildFile; fileRef = 56AE4BAE163201CB000F28D3 /* Foundation.framework */; };
		56AE4BDB163201CC000F28D3 /* InfoPlist.strings in Resources */ = {isa = PBXBuildFile; fileRef = 56AE4BD9163201CC000F28D3 /* InfoPlist.strings */; };
		56AE4BDE163201CC000F28D3 /* iDrankTests.m in Sources */ = {isa = PBXBuildFile; fileRef = 56AE4BDD163201CC000F28D3 /* iDrankTests.m */; };
		56AF47DD16B225B400F788D7 /* disclaimer@2x.png in Resources */ = {isa = PBXBuildFile; fileRef = 56AF47DB16B225B400F788D7 /* disclaimer@2x.png */; };
		56AF47DE16B225B400F788D7 /* disclaimer5.png in Resources */ = {isa = PBXBuildFile; fileRef = 56AF47DC16B225B400F788D7 /* disclaimer5.png */; };
		56AF6EA316B214790085095E /* accept.png in Resources */ = {isa = PBXBuildFile; fileRef = 56AF6E9F16B214790085095E /* accept.png */; };
		56AF6EA416B214790085095E /* decline.png in Resources */ = {isa = PBXBuildFile; fileRef = 56AF6EA016B214790085095E /* decline.png */; };
		56B34271166978740084FEF2 /* AppIcon114x114.png in Resources */ = {isa = PBXBuildFile; fileRef = 56B34270166978740084FEF2 /* AppIcon114x114.png */; };
		56B342731669787F0084FEF2 /* AppIcon57x57.png in Resources */ = {isa = PBXBuildFile; fileRef = 56B342721669787F0084FEF2 /* AppIcon57x57.png */; };
		56B342741669789D0084FEF2 /* Default-568h@2x.png in Resources */ = {isa = PBXBuildFile; fileRef = 5693113C16362D1A005D89DA /* Default-568h@2x.png */; };
		56BF1E7216697B93007B8D37 /* Default@2x.png in Resources */ = {isa = PBXBuildFile; fileRef = 5693113E16362D1C005D89DA /* Default@2x.png */; };
		56BF1E7416697BA3007B8D37 /* Default.png in Resources */ = {isa = PBXBuildFile; fileRef = 5693114016362D1F005D89DA /* Default.png */; };
		56BF1E8316697C54007B8D37 /* age_label.png in Resources */ = {isa = PBXBuildFile; fileRef = 56BF1E7616697C54007B8D37 /* age_label.png */; };
		56BF1E8416697C54007B8D37 /* barmode_label.png in Resources */ = {isa = PBXBuildFile; fileRef = 56BF1E7716697C54007B8D37 /* barmode_label.png */; };
		56BF1E8516697C54007B8D37 /* female_deselect_button.png in Resources */ = {isa = PBXBuildFile; fileRef = 56BF1E7816697C54007B8D37 /* female_deselect_button.png */; };
		56BF1E8616697C54007B8D37 /* female_select_button.png in Resources */ = {isa = PBXBuildFile; fileRef = 56BF1E7916697C54007B8D37 /* female_select_button.png */; };
		56BF1E8716697C54007B8D37 /* gender_label.png in Resources */ = {isa = PBXBuildFile; fileRef = 56BF1E7A16697C54007B8D37 /* gender_label.png */; };
		56BF1E8816697C54007B8D37 /* male_select_button.png in Resources */ = {isa = PBXBuildFile; fileRef = 56BF1E7B16697C54007B8D37 /* male_select_button.png */; };
		56BF1E8916697C54007B8D37 /* man_deselect_button.png in Resources */ = {isa = PBXBuildFile; fileRef = 56BF1E7C16697C54007B8D37 /* man_deselect_button.png */; };
		56BF1E8A16697C54007B8D37 /* modifydrink_button.png in Resources */ = {isa = PBXBuildFile; fileRef = 56BF1E7D16697C54007B8D37 /* modifydrink_button.png */; };
		56BF1E8B16697C54007B8D37 /* requiredfield_label.png in Resources */ = {isa = PBXBuildFile; fileRef = 56BF1E7E16697C54007B8D37 /* requiredfield_label.png */; };
		56BF1E8C16697C54007B8D37 /* settings_background_5.png in Resources */ = {isa = PBXBuildFile; fileRef = 56BF1E7F16697C54007B8D37 /* settings_background_5.png */; };
		56BF1E8D16697C54007B8D37 /* settings_background.png in Resources */ = {isa = PBXBuildFile; fileRef = 56BF1E8016697C54007B8D37 /* settings_background.png */; };
		56BF1E8E16697C54007B8D37 /* settings_background@2x.png in Resources */ = {isa = PBXBuildFile; fileRef = 56BF1E8116697C54007B8D37 /* settings_background@2x.png */; };
		56BF1E8F16697C54007B8D37 /* weight_label.png in Resources */ = {isa = PBXBuildFile; fileRef = 56BF1E8216697C54007B8D37 /* weight_label.png */; };
		56F19D4C16719323007C805C /* StatTableViewController.m in Sources */ = {isa = PBXBuildFile; fileRef = 56F19D4B16719323007C805C /* StatTableViewController.m */; };
/* End PBXBuildFile section */

/* Begin PBXContainerItemProxy section */
		56AE4BD4163201CC000F28D3 /* PBXContainerItemProxy */ = {
			isa = PBXContainerItemProxy;
			containerPortal = 56AE4B9F163201CB000F28D3 /* Project object */;
			proxyType = 1;
			remoteGlobalIDString = 56AE4BA7163201CB000F28D3;
			remoteInfo = iDrank;
		};
/* End PBXContainerItemProxy section */

/* Begin PBXFileReference section */
		1102B64D16361B95008DFB95 /* Stat.h */ = {isa = PBXFileReference; fileEncoding = 4; lastKnownFileType = sourcecode.c.h; path = Stat.h; sourceTree = "<group>"; };
		1102B64E16361B95008DFB95 /* Stat.m */ = {isa = PBXFileReference; fileEncoding = 4; lastKnownFileType = sourcecode.c.objc; path = Stat.m; sourceTree = "<group>"; };
		1102B65116361BAF008DFB95 /* Information.h */ = {isa = PBXFileReference; fileEncoding = 4; lastKnownFileType = sourcecode.c.h; path = Information.h; sourceTree = "<group>"; };
		1102B65216361BAF008DFB95 /* Information.m */ = {isa = PBXFileReference; fileEncoding = 4; lastKnownFileType = sourcecode.c.objc; path = Information.m; sourceTree = "<group>"; };
		1171E1931676C61600E4DDC7 /* AddNewUserDrinkViewController.h */ = {isa = PBXFileReference; fileEncoding = 4; lastKnownFileType = sourcecode.c.h; path = AddNewUserDrinkViewController.h; sourceTree = "<group>"; };
		1171E1941676C61600E4DDC7 /* AddNewUserDrinkViewController.m */ = {isa = PBXFileReference; fileEncoding = 4; lastKnownFileType = sourcecode.c.objc; path = AddNewUserDrinkViewController.m; sourceTree = "<group>"; };
		117C2BBC1669708F001DC316 /* ListOfDrinksViewController.h */ = {isa = PBXFileReference; fileEncoding = 4; lastKnownFileType = sourcecode.c.h; name = ListOfDrinksViewController.h; path = ../ListOfDrinksViewController.h; sourceTree = "<group>"; };
		117C2BBD1669708F001DC316 /* ListOfDrinksViewController.m */ = {isa = PBXFileReference; fileEncoding = 4; lastKnownFileType = sourcecode.c.objc; name = ListOfDrinksViewController.m; path = ../ListOfDrinksViewController.m; sourceTree = "<group>"; };
		11885C5B166C094900A85B5E /* MapKit.framework */ = {isa = PBXFileReference; lastKnownFileType = wrapper.framework; name = MapKit.framework; path = System/Library/Frameworks/MapKit.framework; sourceTree = SDKROOT; };
		11885C5E166C095000A85B5E /* CoreLocation.framework */ = {isa = PBXFileReference; lastKnownFileType = wrapper.framework; name = CoreLocation.framework; path = System/Library/Frameworks/CoreLocation.framework; sourceTree = SDKROOT; };
		11914BFB167AED5100934D90 /* help.html */ = {isa = PBXFileReference; fileEncoding = 4; lastKnownFileType = text.html; path = help.html; sourceTree = "<group>"; };
		11A6104C166E0D2900E0E4A9 /* Annotation.h */ = {isa = PBXFileReference; fileEncoding = 4; lastKnownFileType = sourcecode.c.h; path = Annotation.h; sourceTree = "<group>"; };
		11A6104D166E0D2900E0E4A9 /* Annotation.m */ = {isa = PBXFileReference; fileEncoding = 4; lastKnownFileType = sourcecode.c.objc; path = Annotation.m; sourceTree = "<group>"; };
		11A61050166E0DCB00E0E4A9 /* MapViewController.h */ = {isa = PBXFileReference; fileEncoding = 4; lastKnownFileType = sourcecode.c.h; path = MapViewController.h; sourceTree = "<group>"; };
		11A61051166E0DCB00E0E4A9 /* MapViewController.m */ = {isa = PBXFileReference; fileEncoding = 4; lastKnownFileType = sourcecode.c.objc; path = MapViewController.m; sourceTree = "<group>"; };
		11C5A169167A55BE00CC1641 /* HistoryMapViewController.h */ = {isa = PBXFileReference; fileEncoding = 4; lastKnownFileType = sourcecode.c.h; path = HistoryMapViewController.h; sourceTree = "<group>"; };
		11C5A16A167A55BE00CC1641 /* HistoryMapViewController.m */ = {isa = PBXFileReference; fileEncoding = 4; lastKnownFileType = sourcecode.c.objc; path = HistoryMapViewController.m; sourceTree = "<group>"; };
		11EC664E1635D8DC00F702D1 /* ListOfDrinks.h */ = {isa = PBXFileReference; fileEncoding = 4; lastKnownFileType = sourcecode.c.h; path = ListOfDrinks.h; sourceTree = "<group>"; };
		11EC664F1635D8DC00F702D1 /* ListOfDrinks.m */ = {isa = PBXFileReference; fileEncoding = 4; lastKnownFileType = sourcecode.c.objc; path = ListOfDrinks.m; sourceTree = "<group>"; };
		11EC66521635E14E00F702D1 /* Drink.h */ = {isa = PBXFileReference; fileEncoding = 4; lastKnownFileType = sourcecode.c.h; path = Drink.h; sourceTree = "<group>"; };
		11EC66531635E14E00F702D1 /* Drink.m */ = {isa = PBXFileReference; fileEncoding = 4; lastKnownFileType = sourcecode.c.objc; path = Drink.m; sourceTree = "<group>"; };
		560134EF163641AC008706AA /* Main_Navigation_View_Controller.h */ = {isa = PBXFileReference; fileEncoding = 4; lastKnownFileType = sourcecode.c.h; path = Main_Navigation_View_Controller.h; sourceTree = "<group>"; };
		560134F0163641AC008706AA /* Main_Navigation_View_Controller.m */ = {isa = PBXFileReference; fileEncoding = 4; lastKnownFileType = sourcecode.c.objc; path = Main_Navigation_View_Controller.m; sourceTree = "<group>"; };
		561239181663DAA2004E0F07 /* DrinkHistoryViewController.h */ = {isa = PBXFileReference; fileEncoding = 4; lastKnownFileType = sourcecode.c.h; path = DrinkHistoryViewController.h; sourceTree = "<group>"; };
		561239191663DAA2004E0F07 /* DrinkHistoryViewController.m */ = {isa = PBXFileReference; fileEncoding = 4; lastKnownFileType = sourcecode.c.objc; path = DrinkHistoryViewController.m; sourceTree = "<group>"; };
		561360BC1654214C00AC5025 /* en */ = {isa = PBXFileReference; lastKnownFileType = file.storyboard; name = en; path = en.lproj/MainStoryboard.storyboard; sourceTree = "<group>"; };
		561360DC1654245000AC5025 /* DrinkListTableViewController.h */ = {isa = PBXFileReference; fileEncoding = 4; lastKnownFileType = sourcecode.c.h; path = DrinkListTableViewController.h; sourceTree = "<group>"; };
		561360DD1654245000AC5025 /* DrinkListTableViewController.m */ = {isa = PBXFileReference; fileEncoding = 4; lastKnownFileType = sourcecode.c.objc; path = DrinkListTableViewController.m; sourceTree = "<group>"; };
		561360DE1654245000AC5025 /* HistoryMenuViewController.h */ = {isa = PBXFileReference; fileEncoding = 4; lastKnownFileType = sourcecode.c.h; path = HistoryMenuViewController.h; sourceTree = "<group>"; };
		561360DF1654245000AC5025 /* HistoryMenuViewController.m */ = {isa = PBXFileReference; fileEncoding = 4; lastKnownFileType = sourcecode.c.objc; path = HistoryMenuViewController.m; sourceTree = "<group>"; };
		5623458E1676CAEC003B6135 /* HistoryTableViewController.h */ = {isa = PBXFileReference; fileEncoding = 4; lastKnownFileType = sourcecode.c.h; path = HistoryTableViewController.h; sourceTree = "<group>"; };
		5623458F1676CAEC003B6135 /* HistoryTableViewController.m */ = {isa = PBXFileReference; fileEncoding = 4; lastKnownFileType = sourcecode.c.objc; path = HistoryTableViewController.m; sourceTree = "<group>"; };
		562345961676E41F003B6135 /* drinkbutton.png */ = {isa = PBXFileReference; lastKnownFileType = image.png; path = drinkbutton.png; sourceTree = "<group>"; };
		56330329166991D90063F469 /* beer_icon.png */ = {isa = PBXFileReference; lastKnownFileType = image.png; path = beer_icon.png; sourceTree = "<group>"; };
		5633032A166991D90063F469 /* liqour_icon.png */ = {isa = PBXFileReference; lastKnownFileType = image.png; path = liqour_icon.png; sourceTree = "<group>"; };
		5633032B166991D90063F469 /* wine_icon.png */ = {isa = PBXFileReference; lastKnownFileType = image.png; path = wine_icon.png; sourceTree = "<group>"; };
		56330332166993AE0063F469 /* help_button copy.png */ = {isa = PBXFileReference; lastKnownFileType = image.png; path = "help_button copy.png"; sourceTree = "<group>"; };
		56330333166993AE0063F469 /* home_background_image.png */ = {isa = PBXFileReference; lastKnownFileType = image.png; path = home_background_image.png; sourceTree = "<group>"; };
		5638ECD21671A8E3000C4096 /* night_background.png */ = {isa = PBXFileReference; lastKnownFileType = image.png; path = night_background.png; sourceTree = "<group>"; };
		5638ECD31671A8E3000C4096 /* night_background@2x.png */ = {isa = PBXFileReference; lastKnownFileType = image.png; path = "night_background@2x.png"; sourceTree = "<group>"; };
		5638ECD41671A8E3000C4096 /* night_background_5.png */ = {isa = PBXFileReference; lastKnownFileType = image.png; path = night_background_5.png; sourceTree = "<group>"; };
		5638ECD61671A8E3000C4096 /* beer_button.png */ = {isa = PBXFileReference; lastKnownFileType = image.png; path = beer_button.png; sourceTree = "<group>"; };
		5638ECD81671A8E3000C4096 /* hardalc_button.png */ = {isa = PBXFileReference; lastKnownFileType = image.png; path = hardalc_button.png; sourceTree = "<group>"; };
		5638ECD91671A8E3000C4096 /* stats_button.png */ = {isa = PBXFileReference; lastKnownFileType = image.png; path = stats_button.png; sourceTree = "<group>"; };
		5638ECDA1671A8E3000C4096 /* wine_button.png */ = {isa = PBXFileReference; lastKnownFileType = image.png; path = wine_button.png; sourceTree = "<group>"; };
		5638ECE61671AFBC000C4096 /* end_button.png */ = {isa = PBXFileReference; lastKnownFileType = image.png; name = end_button.png; path = ../end_button.png; sourceTree = "<group>"; };
		563AE63716AF1AF300415DA5 /* disclamerViewController.h */ = {isa = PBXFileReference; fileEncoding = 4; lastKnownFileType = sourcecode.c.h; path = disclamerViewController.h; sourceTree = "<group>"; };
		563AE63816AF1AF300415DA5 /* disclamerViewController.m */ = {isa = PBXFileReference; fileEncoding = 4; lastKnownFileType = sourcecode.c.objc; path = disclamerViewController.m; sourceTree = "<group>"; };
		565D03DC1638645D00819D3D /* HardLiquorViewController.h */ = {isa = PBXFileReference; fileEncoding = 4; lastKnownFileType = sourcecode.c.h; path = HardLiquorViewController.h; sourceTree = "<group>"; };
		565D03DD1638645D00819D3D /* HardLiquorViewController.m */ = {isa = PBXFileReference; fileEncoding = 4; lastKnownFileType = sourcecode.c.objc; path = HardLiquorViewController.m; sourceTree = "<group>"; };
		565D03DF1638649F00819D3D /* BeerViewController.h */ = {isa = PBXFileReference; fileEncoding = 4; lastKnownFileType = sourcecode.c.h; path = BeerViewController.h; sourceTree = "<group>"; };
		565D03E01638649F00819D3D /* BeerViewController.m */ = {isa = PBXFileReference; fileEncoding = 4; lastKnownFileType = sourcecode.c.objc; path = BeerViewController.m; sourceTree = "<group>"; };
		565D03E2163864AA00819D3D /* WineViewController.h */ = {isa = PBXFileReference; fileEncoding = 4; lastKnownFileType = sourcecode.c.h; path = WineViewController.h; sourceTree = "<group>"; };
		565D03E3163864AA00819D3D /* WineViewController.m */ = {isa = PBXFileReference; fileEncoding = 4; lastKnownFileType = sourcecode.c.objc; path = WineViewController.m; sourceTree = "<group>"; };
		56605FE516349E3B00CD506E /* Help_View_ControllerViewController.h */ = {isa = PBXFileReference; fileEncoding = 4; lastKnownFileType = sourcecode.c.h; path = Help_View_ControllerViewController.h; sourceTree = "<group>"; };
		56605FE616349E3B00CD506E /* Help_View_ControllerViewController.m */ = {isa = PBXFileReference; fileEncoding = 4; lastKnownFileType = sourcecode.c.objc; path = Help_View_ControllerViewController.m; sourceTree = "<group>"; };
		56605FEE16349EFE00CD506E /* Credits_View_Controller.h */ = {isa = PBXFileReference; fileEncoding = 4; lastKnownFileType = sourcecode.c.h; path = Credits_View_Controller.h; sourceTree = "<group>"; };
		56605FEF16349EFE00CD506E /* Credits_View_Controller.m */ = {isa = PBXFileReference; fileEncoding = 4; lastKnownFileType = sourcecode.c.objc; path = Credits_View_Controller.m; sourceTree = "<group>"; };
		56605FF116349F6200CD506E /* Main_Night_View_Controller.h */ = {isa = PBXFileReference; fileEncoding = 4; lastKnownFileType = sourcecode.c.h; path = Main_Night_View_Controller.h; sourceTree = "<group>"; };
		56605FF216349F6200CD506E /* Main_Night_View_Controller.m */ = {isa = PBXFileReference; fileEncoding = 4; lastKnownFileType = sourcecode.c.objc; path = Main_Night_View_Controller.m; sourceTree = "<group>"; };
		566CF3F81679985000543E46 /* MapDrinkViewController.h */ = {isa = PBXFileReference; fileEncoding = 4; lastKnownFileType = sourcecode.c.h; path = MapDrinkViewController.h; sourceTree = "<group>"; };
		566CF3F91679985000543E46 /* MapDrinkViewController.m */ = {isa = PBXFileReference; fileEncoding = 4; lastKnownFileType = sourcecode.c.objc; path = MapDrinkViewController.m; sourceTree = "<group>"; };
		566CF4041679B0E500543E46 /* Drink.png */ = {isa = PBXFileReference; lastKnownFileType = image.png; path = Drink.png; sourceTree = "<group>"; };
		566CF4061679B0E500543E46 /* 12oz.png */ = {isa = PBXFileReference; lastKnownFileType = image.png; path = 12oz.png; sourceTree = "<group>"; };
		566CF4071679B0E500543E46 /* 12ozcheck.png */ = {isa = PBXFileReference; lastKnownFileType = image.png; path = 12ozcheck.png; sourceTree = "<group>"; };
		566CF4081679B0E500543E46 /* 24oz.png */ = {isa = PBXFileReference; lastKnownFileType = image.png; path = 24oz.png; sourceTree = "<group>"; };
		566CF4091679B0E500543E46 /* 24ozcheck.png */ = {isa = PBXFileReference; lastKnownFileType = image.png; path = 24ozcheck.png; sourceTree = "<group>"; };
		566CF40A1679B0E500543E46 /* 40oz.png */ = {isa = PBXFileReference; lastKnownFileType = image.png; path = 40oz.png; sourceTree = "<group>"; };
		566CF40B1679B0E500543E46 /* 40ozcheck.png */ = {isa = PBXFileReference; lastKnownFileType = image.png; path = 40ozcheck.png; sourceTree = "<group>"; };
		566CF40D1679B0E500543E46 /* mixeddrink.png */ = {isa = PBXFileReference; lastKnownFileType = image.png; path = mixeddrink.png; sourceTree = "<group>"; };
		566CF40E1679B0E500543E46 /* mixeddrinkcheck.png */ = {isa = PBXFileReference; lastKnownFileType = image.png; path = mixeddrinkcheck.png; sourceTree = "<group>"; };
		566CF40F1679B0E500543E46 /* shot.png */ = {isa = PBXFileReference; lastKnownFileType = image.png; path = shot.png; sourceTree = "<group>"; };
		566CF4101679B0E500543E46 /* shotcheck.png */ = {isa = PBXFileReference; lastKnownFileType = image.png; path = shotcheck.png; sourceTree = "<group>"; };
		566CF4121679B0E500543E46 /* 750bottle.png */ = {isa = PBXFileReference; lastKnownFileType = image.png; path = 750bottle.png; sourceTree = "<group>"; };
		566CF4131679B0E500543E46 /* 750bottlecheck.png */ = {isa = PBXFileReference; lastKnownFileType = image.png; path = 750bottlecheck.png; sourceTree = "<group>"; };
		566CF4141679B0E500543E46 /* glass.png */ = {isa = PBXFileReference; lastKnownFileType = image.png; path = glass.png; sourceTree = "<group>"; };
		566CF4151679B0E500543E46 /* glasscheck.png */ = {isa = PBXFileReference; lastKnownFileType = image.png; path = glasscheck.png; sourceTree = "<group>"; };
		566DC0411678414A00B05D74 /* Credits.png */ = {isa = PBXFileReference; lastKnownFileType = image.png; path = Credits.png; sourceTree = "<group>"; };
		5670994E166D5D230021CEFF /* SettingsTableViewController.h */ = {isa = PBXFileReference; fileEncoding = 4; lastKnownFileType = sourcecode.c.h; path = SettingsTableViewController.h; sourceTree = "<group>"; };
		5670994F166D5D230021CEFF /* SettingsTableViewController.m */ = {isa = PBXFileReference; fileEncoding = 4; lastKnownFileType = sourcecode.c.objc; path = SettingsTableViewController.m; sourceTree = "<group>"; };
		5676A06D1671E04F0011AC0D /* home_background.png */ = {isa = PBXFileReference; lastKnownFileType = image.png; path = home_background.png; sourceTree = "<group>"; };
		5676A06E1671E04F0011AC0D /* home_background@2x.png */ = {isa = PBXFileReference; lastKnownFileType = image.png; path = "home_background@2x.png"; sourceTree = "<group>"; };
		5676A06F1671E04F0011AC0D /* home_background_5.png */ = {isa = PBXFileReference; lastKnownFileType = image.png; path = home_background_5.png; sourceTree = "<group>"; };
		5676A0711671E04F0011AC0D /* help_button.png */ = {isa = PBXFileReference; lastKnownFileType = image.png; path = help_button.png; sourceTree = "<group>"; };
		5676A0721671E04F0011AC0D /* history_button.png */ = {isa = PBXFileReference; lastKnownFileType = image.png; path = history_button.png; sourceTree = "<group>"; };
		5676A0731671E04F0011AC0D /* settings_button.png */ = {isa = PBXFileReference; lastKnownFileType = image.png; path = settings_button.png; sourceTree = "<group>"; };
		5676A0741671E04F0011AC0D /* start_button.png */ = {isa = PBXFileReference; lastKnownFileType = image.png; path = start_button.png; sourceTree = "<group>"; };
		5676A0751671E04F0011AC0D /* home_page_ref.png */ = {isa = PBXFileReference; lastKnownFileType = image.png; path = home_page_ref.png; sourceTree = "<group>"; };
		5693113C16362D1A005D89DA /* Default-568h@2x.png */ = {isa = PBXFileReference; lastKnownFileType = image.png; name = "Default-568h@2x.png"; path = "../Default-568h@2x.png"; sourceTree = "<group>"; };
		5693113E16362D1C005D89DA /* Default@2x.png */ = {isa = PBXFileReference; lastKnownFileType = image.png; name = "Default@2x.png"; path = "../Default@2x.png"; sourceTree = "<group>"; };
		5693114016362D1F005D89DA /* Default.png */ = {isa = PBXFileReference; lastKnownFileType = image.png; name = Default.png; path = ../Default.png; sourceTree = "<group>"; };
		5693114C16363423005D89DA /* ViewController.h */ = {isa = PBXFileReference; fileEncoding = 4; lastKnownFileType = sourcecode.c.h; path = ViewController.h; sourceTree = "<group>"; };
		5693114D16363423005D89DA /* ViewController.m */ = {isa = PBXFileReference; fileEncoding = 4; lastKnownFileType = sourcecode.c.objc; path = ViewController.m; sourceTree = "<group>"; };
		569BFDF0167AFEB100129E27 /* HistoryDrinkMapViewController.h */ = {isa = PBXFileReference; fileEncoding = 4; lastKnownFileType = sourcecode.c.h; path = HistoryDrinkMapViewController.h; sourceTree = "<group>"; };
		569BFDF1167AFEB200129E27 /* HistoryDrinkMapViewController.m */ = {isa = PBXFileReference; fileEncoding = 4; lastKnownFileType = sourcecode.c.objc; path = HistoryDrinkMapViewController.m; sourceTree = "<group>"; };
		56AE4BA8163201CB000F28D3 /* iDrank.app */ = {isa = PBXFileReference; explicitFileType = wrapper.application; includeInIndex = 0; path = iDrank.app; sourceTree = BUILT_PRODUCTS_DIR; };
		56AE4BAC163201CB000F28D3 /* UIKit.framework */ = {isa = PBXFileReference; lastKnownFileType = wrapper.framework; name = UIKit.framework; path = System/Library/Frameworks/UIKit.framework; sourceTree = SDKROOT; };
		56AE4BAE163201CB000F28D3 /* Foundation.framework */ = {isa = PBXFileReference; lastKnownFileType = wrapper.framework; name = Foundation.framework; path = System/Library/Frameworks/Foundation.framework; sourceTree = SDKROOT; };
		56AE4BB0163201CB000F28D3 /* CoreGraphics.framework */ = {isa = PBXFileReference; lastKnownFileType = wrapper.framework; name = CoreGraphics.framework; path = System/Library/Frameworks/CoreGraphics.framework; sourceTree = SDKROOT; };
		56AE4BB4163201CB000F28D3 /* iDrank-Info.plist */ = {isa = PBXFileReference; lastKnownFileType = text.plist.xml; path = "iDrank-Info.plist"; sourceTree = "<group>"; };
		56AE4BB6163201CB000F28D3 /* en */ = {isa = PBXFileReference; lastKnownFileType = text.plist.strings; name = en; path = en.lproj/InfoPlist.strings; sourceTree = "<group>"; };
		56AE4BB8163201CB000F28D3 /* main.m */ = {isa = PBXFileReference; lastKnownFileType = sourcecode.c.objc; path = main.m; sourceTree = "<group>"; };
		56AE4BBA163201CB000F28D3 /* iDrank-Prefix.pch */ = {isa = PBXFileReference; lastKnownFileType = sourcecode.c.h; path = "iDrank-Prefix.pch"; sourceTree = "<group>"; };
		56AE4BBB163201CB000F28D3 /* AppDelegate.h */ = {isa = PBXFileReference; lastKnownFileType = sourcecode.c.h; path = AppDelegate.h; sourceTree = "<group>"; };
		56AE4BBC163201CB000F28D3 /* AppDelegate.m */ = {isa = PBXFileReference; lastKnownFileType = sourcecode.c.objc; path = AppDelegate.m; sourceTree = "<group>"; };
		56AE4BCF163201CC000F28D3 /* iDrankTests.octest */ = {isa = PBXFileReference; explicitFileType = wrapper.cfbundle; includeInIndex = 0; path = iDrankTests.octest; sourceTree = BUILT_PRODUCTS_DIR; };
		56AE4BD0163201CC000F28D3 /* SenTestingKit.framework */ = {isa = PBXFileReference; lastKnownFileType = wrapper.framework; name = SenTestingKit.framework; path = Library/Frameworks/SenTestingKit.framework; sourceTree = DEVELOPER_DIR; };
		56AE4BD8163201CC000F28D3 /* iDrankTests-Info.plist */ = {isa = PBXFileReference; lastKnownFileType = text.plist.xml; path = "iDrankTests-Info.plist"; sourceTree = "<group>"; };
		56AE4BDA163201CC000F28D3 /* en */ = {isa = PBXFileReference; lastKnownFileType = text.plist.strings; name = en; path = en.lproj/InfoPlist.strings; sourceTree = "<group>"; };
		56AE4BDC163201CC000F28D3 /* iDrankTests.h */ = {isa = PBXFileReference; lastKnownFileType = sourcecode.c.h; path = iDrankTests.h; sourceTree = "<group>"; };
		56AE4BDD163201CC000F28D3 /* iDrankTests.m */ = {isa = PBXFileReference; lastKnownFileType = sourcecode.c.objc; path = iDrankTests.m; sourceTree = "<group>"; };
		56AF47DB16B225B400F788D7 /* disclaimer@2x.png */ = {isa = PBXFileReference; lastKnownFileType = image.png; path = "disclaimer@2x.png"; sourceTree = "<group>"; };
		56AF47DC16B225B400F788D7 /* disclaimer5.png */ = {isa = PBXFileReference; lastKnownFileType = image.png; path = disclaimer5.png; sourceTree = "<group>"; };
		56AF6E9F16B214790085095E /* accept.png */ = {isa = PBXFileReference; lastKnownFileType = image.png; path = accept.png; sourceTree = "<group>"; };
		56AF6EA016B214790085095E /* decline.png */ = {isa = PBXFileReference; lastKnownFileType = image.png; path = decline.png; sourceTree = "<group>"; };
		56B34270166978740084FEF2 /* AppIcon114x114.png */ = {isa = PBXFileReference; lastKnownFileType = image.png; path = AppIcon114x114.png; sourceTree = "<group>"; };
		56B342721669787F0084FEF2 /* AppIcon57x57.png */ = {isa = PBXFileReference; lastKnownFileType = image.png; path = AppIcon57x57.png; sourceTree = "<group>"; };
		56BF1E7616697C54007B8D37 /* age_label.png */ = {isa = PBXFileReference; lastKnownFileType = image.png; path = age_label.png; sourceTree = "<group>"; };
		56BF1E7716697C54007B8D37 /* barmode_label.png */ = {isa = PBXFileReference; lastKnownFileType = image.png; path = barmode_label.png; sourceTree = "<group>"; };
		56BF1E7816697C54007B8D37 /* female_deselect_button.png */ = {isa = PBXFileReference; lastKnownFileType = image.png; path = female_deselect_button.png; sourceTree = "<group>"; };
		56BF1E7916697C54007B8D37 /* female_select_button.png */ = {isa = PBXFileReference; lastKnownFileType = image.png; path = female_select_button.png; sourceTree = "<group>"; };
		56BF1E7A16697C54007B8D37 /* gender_label.png */ = {isa = PBXFileReference; lastKnownFileType = image.png; path = gender_label.png; sourceTree = "<group>"; };
		56BF1E7B16697C54007B8D37 /* male_select_button.png */ = {isa = PBXFileReference; lastKnownFileType = image.png; path = male_select_button.png; sourceTree = "<group>"; };
		56BF1E7C16697C54007B8D37 /* man_deselect_button.png */ = {isa = PBXFileReference; lastKnownFileType = image.png; path = man_deselect_button.png; sourceTree = "<group>"; };
		56BF1E7D16697C54007B8D37 /* modifydrink_button.png */ = {isa = PBXFileReference; lastKnownFileType = image.png; path = modifydrink_button.png; sourceTree = "<group>"; };
		56BF1E7E16697C54007B8D37 /* requiredfield_label.png */ = {isa = PBXFileReference; lastKnownFileType = image.png; path = requiredfield_label.png; sourceTree = "<group>"; };
		56BF1E7F16697C54007B8D37 /* settings_background_5.png */ = {isa = PBXFileReference; lastKnownFileType = image.png; path = settings_background_5.png; sourceTree = "<group>"; };
		56BF1E8016697C54007B8D37 /* settings_background.png */ = {isa = PBXFileReference; lastKnownFileType = image.png; path = settings_background.png; sourceTree = "<group>"; };
		56BF1E8116697C54007B8D37 /* settings_background@2x.png */ = {isa = PBXFileReference; lastKnownFileType = image.png; path = "settings_background@2x.png"; sourceTree = "<group>"; };
		56BF1E8216697C54007B8D37 /* weight_label.png */ = {isa = PBXFileReference; lastKnownFileType = image.png; path = weight_label.png; sourceTree = "<group>"; };
		56F19D4A16719323007C805C /* StatTableViewController.h */ = {isa = PBXFileReference; fileEncoding = 4; lastKnownFileType = sourcecode.c.h; path = StatTableViewController.h; sourceTree = "<group>"; };
		56F19D4B16719323007C805C /* StatTableViewController.m */ = {isa = PBXFileReference; fileEncoding = 4; lastKnownFileType = sourcecode.c.objc; path = StatTableViewController.m; sourceTree = "<group>"; };
/* End PBXFileReference section */

/* Begin PBXFrameworksBuildPhase section */
		56AE4BA5163201CB000F28D3 /* Frameworks */ = {
			isa = PBXFrameworksBuildPhase;
			buildActionMask = 2147483647;
			files = (
				11885C5F166C095000A85B5E /* CoreLocation.framework in Frameworks */,
				11885C5C166C094900A85B5E /* MapKit.framework in Frameworks */,
				56AE4BAD163201CB000F28D3 /* UIKit.framework in Frameworks */,
				56AE4BAF163201CB000F28D3 /* Foundation.framework in Frameworks */,
				56AE4BB1163201CB000F28D3 /* CoreGraphics.framework in Frameworks */,
			);
			runOnlyForDeploymentPostprocessing = 0;
		};
		56AE4BCB163201CC000F28D3 /* Frameworks */ = {
			isa = PBXFrameworksBuildPhase;
			buildActionMask = 2147483647;
			files = (
				56AE4BD1163201CC000F28D3 /* SenTestingKit.framework in Frameworks */,
				56AE4BD2163201CC000F28D3 /* UIKit.framework in Frameworks */,
				56AE4BD3163201CC000F28D3 /* Foundation.framework in Frameworks */,
			);
			runOnlyForDeploymentPostprocessing = 0;
		};
/* End PBXFrameworksBuildPhase section */

/* Begin PBXGroup section */
		560134F31636421A008706AA /* Icons */ = {
			isa = PBXGroup;
			children = (
				566CF4031679B0E500543E46 /* newbuttons */,
				56330332166993AE0063F469 /* help_button copy.png */,
				56330329166991D90063F469 /* beer_icon.png */,
				5633032A166991D90063F469 /* liqour_icon.png */,
				5633032B166991D90063F469 /* wine_icon.png */,
			);
			name = Icons;
			sourceTree = "<group>";
		};
		562345911676E41F003B6135 /* drinkPages */ = {
			isa = PBXGroup;
			children = (
				566DC0411678414A00B05D74 /* Credits.png */,
				562345961676E41F003B6135 /* drinkbutton.png */,
			);
			path = drinkPages;
			sourceTree = "<group>";
		};
		5638ECD01671A8E3000C4096 /* myNight_page */ = {
			isa = PBXGroup;
			children = (
				5638ECD11671A8E3000C4096 /* backgrounds */,
				5638ECD51671A8E3000C4096 /* buttons */,
			);
			path = myNight_page;
			sourceTree = "<group>";
		};
		5638ECD11671A8E3000C4096 /* backgrounds */ = {
			isa = PBXGroup;
			children = (
				5638ECD21671A8E3000C4096 /* night_background.png */,
				5638ECD31671A8E3000C4096 /* night_background@2x.png */,
				5638ECD41671A8E3000C4096 /* night_background_5.png */,
			);
			path = backgrounds;
			sourceTree = "<group>";
		};
		5638ECD51671A8E3000C4096 /* buttons */ = {
			isa = PBXGroup;
			children = (
				5638ECE61671AFBC000C4096 /* end_button.png */,
				5638ECD61671A8E3000C4096 /* beer_button.png */,
				5638ECD81671A8E3000C4096 /* hardalc_button.png */,
				5638ECD91671A8E3000C4096 /* stats_button.png */,
				5638ECDA1671A8E3000C4096 /* wine_button.png */,
			);
			path = buttons;
			sourceTree = "<group>";
		};
		566CF4031679B0E500543E46 /* newbuttons */ = {
			isa = PBXGroup;
			children = (
				566CF4041679B0E500543E46 /* Drink.png */,
				566CF4051679B0E500543E46 /* newbeerpage */,
				566CF40C1679B0E500543E46 /* newhardpage */,
				566CF4111679B0E500543E46 /* newwinepage */,
			);
			path = newbuttons;
			sourceTree = "<group>";
		};
		566CF4051679B0E500543E46 /* newbeerpage */ = {
			isa = PBXGroup;
			children = (
				566CF4061679B0E500543E46 /* 12oz.png */,
				566CF4071679B0E500543E46 /* 12ozcheck.png */,
				566CF4081679B0E500543E46 /* 24oz.png */,
				566CF4091679B0E500543E46 /* 24ozcheck.png */,
				566CF40A1679B0E500543E46 /* 40oz.png */,
				566CF40B1679B0E500543E46 /* 40ozcheck.png */,
			);
			path = newbeerpage;
			sourceTree = "<group>";
		};
		566CF40C1679B0E500543E46 /* newhardpage */ = {
			isa = PBXGroup;
			children = (
				566CF40D1679B0E500543E46 /* mixeddrink.png */,
				566CF40E1679B0E500543E46 /* mixeddrinkcheck.png */,
				566CF40F1679B0E500543E46 /* shot.png */,
				566CF4101679B0E500543E46 /* shotcheck.png */,
			);
			path = newhardpage;
			sourceTree = "<group>";
		};
		566CF4111679B0E500543E46 /* newwinepage */ = {
			isa = PBXGroup;
			children = (
				566CF4121679B0E500543E46 /* 750bottle.png */,
				566CF4131679B0E500543E46 /* 750bottlecheck.png */,
				566CF4141679B0E500543E46 /* glass.png */,
				566CF4151679B0E500543E46 /* glasscheck.png */,
			);
			path = newwinepage;
			sourceTree = "<group>";
		};
		5676A06B1671E04F0011AC0D /* homePage */ = {
			isa = PBXGroup;
			children = (
				5676A06C1671E04F0011AC0D /* backgrounds */,
				5676A0701671E04F0011AC0D /* buttons */,
				5676A0751671E04F0011AC0D /* home_page_ref.png */,
			);
			path = homePage;
			sourceTree = "<group>";
		};
		5676A06C1671E04F0011AC0D /* backgrounds */ = {
			isa = PBXGroup;
			children = (
				5676A06D1671E04F0011AC0D /* home_background.png */,
				5676A06E1671E04F0011AC0D /* home_background@2x.png */,
				5676A06F1671E04F0011AC0D /* home_background_5.png */,
			);
			path = backgrounds;
			sourceTree = "<group>";
		};
		5676A0701671E04F0011AC0D /* buttons */ = {
			isa = PBXGroup;
			children = (
				5676A0711671E04F0011AC0D /* help_button.png */,
				5676A0721671E04F0011AC0D /* history_button.png */,
				5676A0731671E04F0011AC0D /* settings_button.png */,
				5676A0741671E04F0011AC0D /* start_button.png */,
			);
			path = buttons;
			sourceTree = "<group>";
		};
		569237EC1635944100188639 /* View Controllers */ = {
			isa = PBXGroup;
			children = (
				56F19D491671913A007C805C /* Stat */,
				56F19D481671910A007C805C /* History */,
				56F19D47167190DC007C805C /* Alcohol */,
				56F19D4616719083007C805C /* Settings Controllers */,
				5693114C16363423005D89DA /* ViewController.h */,
				5693114D16363423005D89DA /* ViewController.m */,
				56605FE516349E3B00CD506E /* Help_View_ControllerViewController.h */,
				56605FE616349E3B00CD506E /* Help_View_ControllerViewController.m */,
				56605FEE16349EFE00CD506E /* Credits_View_Controller.h */,
				56605FEF16349EFE00CD506E /* Credits_View_Controller.m */,
				56605FF116349F6200CD506E /* Main_Night_View_Controller.h */,
				56605FF216349F6200CD506E /* Main_Night_View_Controller.m */,
				563AE63716AF1AF300415DA5 /* disclamerViewController.h */,
				563AE63816AF1AF300415DA5 /* disclamerViewController.m */,
			);
			name = "View Controllers";
			sourceTree = "<group>";
		};
		5693113A16362CD3005D89DA /* Launch Images */ = {
			isa = PBXGroup;
			children = (
				5693114016362D1F005D89DA /* Default.png */,
				5693113E16362D1C005D89DA /* Default@2x.png */,
				5693113C16362D1A005D89DA /* Default-568h@2x.png */,
			);
			name = "Launch Images";
			sourceTree = "<group>";
		};
		56931152163635A4005D89DA /* Background */ = {
			isa = PBXGroup;
			children = (
				56330333166993AE0063F469 /* home_background_image.png */,
			);
			name = Background;
			sourceTree = "<group>";
		};
		56AE4B9D163201CB000F28D3 = {
			isa = PBXGroup;
			children = (
				56B342721669787F0084FEF2 /* AppIcon57x57.png */,
				56B34270166978740084FEF2 /* AppIcon114x114.png */,
				56AE4BB2163201CB000F28D3 /* iDrank */,
				56AE4BD6163201CC000F28D3 /* iDrankTests */,
				56AE4BAB163201CB000F28D3 /* Frameworks */,
				56AE4BA9163201CB000F28D3 /* Products */,
			);
			sourceTree = "<group>";
		};
		56AE4BA9163201CB000F28D3 /* Products */ = {
			isa = PBXGroup;
			children = (
				56AE4BA8163201CB000F28D3 /* iDrank.app */,
				56AE4BCF163201CC000F28D3 /* iDrankTests.octest */,
			);
			name = Products;
			sourceTree = "<group>";
		};
		56AE4BAB163201CB000F28D3 /* Frameworks */ = {
			isa = PBXGroup;
			children = (
				11885C5E166C095000A85B5E /* CoreLocation.framework */,
				11885C5B166C094900A85B5E /* MapKit.framework */,
				56AE4BAC163201CB000F28D3 /* UIKit.framework */,
				56AE4BAE163201CB000F28D3 /* Foundation.framework */,
				56AE4BB0163201CB000F28D3 /* CoreGraphics.framework */,
				56AE4BD0163201CC000F28D3 /* SenTestingKit.framework */,
			);
			name = Frameworks;
			sourceTree = "<group>";
		};
		56AE4BB2163201CB000F28D3 /* iDrank */ = {
			isa = PBXGroup;
			children = (
				56AF47DB16B225B400F788D7 /* disclaimer@2x.png */,
				56AF47DC16B225B400F788D7 /* disclaimer5.png */,
				56AF6E9F16B214790085095E /* accept.png */,
				56AF6EA016B214790085095E /* decline.png */,
				562345911676E41F003B6135 /* drinkPages */,
				5676A06B1671E04F0011AC0D /* homePage */,
				5638ECD01671A8E3000C4096 /* myNight_page */,
				56BF1E7516697C36007B8D37 /* Settings Graphics */,
				560134F31636421A008706AA /* Icons */,
				56931152163635A4005D89DA /* Background */,
				5693113A16362CD3005D89DA /* Launch Images */,
				56AE4BBB163201CB000F28D3 /* AppDelegate.h */,
				56AE4BBC163201CB000F28D3 /* AppDelegate.m */,
				11A6104C166E0D2900E0E4A9 /* Annotation.h */,
				11A6104D166E0D2900E0E4A9 /* Annotation.m */,
				11EC664E1635D8DC00F702D1 /* ListOfDrinks.h */,
				11EC664F1635D8DC00F702D1 /* ListOfDrinks.m */,
				11EC66521635E14E00F702D1 /* Drink.h */,
				11EC66531635E14E00F702D1 /* Drink.m */,
				1102B64D16361B95008DFB95 /* Stat.h */,
				1102B64E16361B95008DFB95 /* Stat.m */,
				1102B65116361BAF008DFB95 /* Information.h */,
				1102B65216361BAF008DFB95 /* Information.m */,
				561360BB1654214C00AC5025 /* MainStoryboard.storyboard */,
				560134EF163641AC008706AA /* Main_Navigation_View_Controller.h */,
				560134F0163641AC008706AA /* Main_Navigation_View_Controller.m */,
				569237EC1635944100188639 /* View Controllers */,
				56AE4BB3163201CB000F28D3 /* Supporting Files */,
			);
			path = iDrank;
			sourceTree = "<group>";
		};
		56AE4BB3163201CB000F28D3 /* Supporting Files */ = {
			isa = PBXGroup;
			children = (
				11914BFB167AED5100934D90 /* help.html */,
				56AE4BB4163201CB000F28D3 /* iDrank-Info.plist */,
				56AE4BB5163201CB000F28D3 /* InfoPlist.strings */,
				56AE4BB8163201CB000F28D3 /* main.m */,
				56AE4BBA163201CB000F28D3 /* iDrank-Prefix.pch */,
			);
			name = "Supporting Files";
			sourceTree = "<group>";
		};
		56AE4BD6163201CC000F28D3 /* iDrankTests */ = {
			isa = PBXGroup;
			children = (
				56AE4BDC163201CC000F28D3 /* iDrankTests.h */,
				56AE4BDD163201CC000F28D3 /* iDrankTests.m */,
				56AE4BD7163201CC000F28D3 /* Supporting Files */,
			);
			path = iDrankTests;
			sourceTree = "<group>";
		};
		56AE4BD7163201CC000F28D3 /* Supporting Files */ = {
			isa = PBXGroup;
			children = (
				56AE4BD8163201CC000F28D3 /* iDrankTests-Info.plist */,
				56AE4BD9163201CC000F28D3 /* InfoPlist.strings */,
			);
			name = "Supporting Files";
			sourceTree = "<group>";
		};
		56BF1E7516697C36007B8D37 /* Settings Graphics */ = {
			isa = PBXGroup;
			children = (
				56BF1E7616697C54007B8D37 /* age_label.png */,
				56BF1E7716697C54007B8D37 /* barmode_label.png */,
				56BF1E7816697C54007B8D37 /* female_deselect_button.png */,
				56BF1E7916697C54007B8D37 /* female_select_button.png */,
				56BF1E7A16697C54007B8D37 /* gender_label.png */,
				56BF1E7B16697C54007B8D37 /* male_select_button.png */,
				56BF1E7C16697C54007B8D37 /* man_deselect_button.png */,
				56BF1E7D16697C54007B8D37 /* modifydrink_button.png */,
				56BF1E7E16697C54007B8D37 /* requiredfield_label.png */,
				56BF1E7F16697C54007B8D37 /* settings_background_5.png */,
				56BF1E8016697C54007B8D37 /* settings_background.png */,
				56BF1E8116697C54007B8D37 /* settings_background@2x.png */,
				56BF1E8216697C54007B8D37 /* weight_label.png */,
			);
			name = "Settings Graphics";
			sourceTree = "<group>";
		};
		56F19D4616719083007C805C /* Settings Controllers */ = {
			isa = PBXGroup;
			children = (
				5670994E166D5D230021CEFF /* SettingsTableViewController.h */,
				5670994F166D5D230021CEFF /* SettingsTableViewController.m */,
				117C2BBC1669708F001DC316 /* ListOfDrinksViewController.h */,
				117C2BBD1669708F001DC316 /* ListOfDrinksViewController.m */,
				1171E1931676C61600E4DDC7 /* AddNewUserDrinkViewController.h */,
				1171E1941676C61600E4DDC7 /* AddNewUserDrinkViewController.m */,
			);
			name = "Settings Controllers";
			sourceTree = "<group>";
		};
		56F19D47167190DC007C805C /* Alcohol */ = {
			isa = PBXGroup;
			children = (
				565D03DC1638645D00819D3D /* HardLiquorViewController.h */,
				565D03DD1638645D00819D3D /* HardLiquorViewController.m */,
				565D03DF1638649F00819D3D /* BeerViewController.h */,
				565D03E01638649F00819D3D /* BeerViewController.m */,
				565D03E2163864AA00819D3D /* WineViewController.h */,
				565D03E3163864AA00819D3D /* WineViewController.m */,
			);
			name = Alcohol;
			sourceTree = "<group>";
		};
		56F19D481671910A007C805C /* History */ = {
			isa = PBXGroup;
			children = (
				561360DE1654245000AC5025 /* HistoryMenuViewController.h */,
				561360DF1654245000AC5025 /* HistoryMenuViewController.m */,
				561239181663DAA2004E0F07 /* DrinkHistoryViewController.h */,
				561239191663DAA2004E0F07 /* DrinkHistoryViewController.m */,
				5623458E1676CAEC003B6135 /* HistoryTableViewController.h */,
				5623458F1676CAEC003B6135 /* HistoryTableViewController.m */,
				11C5A169167A55BE00CC1641 /* HistoryMapViewController.h */,
				11C5A16A167A55BE00CC1641 /* HistoryMapViewController.m */,
				569BFDF0167AFEB100129E27 /* HistoryDrinkMapViewController.h */,
				569BFDF1167AFEB200129E27 /* HistoryDrinkMapViewController.m */,
			);
			name = History;
			sourceTree = "<group>";
		};
		56F19D491671913A007C805C /* Stat */ = {
			isa = PBXGroup;
			children = (
				11A61050166E0DCB00E0E4A9 /* MapViewController.h */,
				11A61051166E0DCB00E0E4A9 /* MapViewController.m */,
				56F19D4A16719323007C805C /* StatTableViewController.h */,
				56F19D4B16719323007C805C /* StatTableViewController.m */,
				561360DC1654245000AC5025 /* DrinkListTableViewController.h */,
				561360DD1654245000AC5025 /* DrinkListTableViewController.m */,
				566CF3F81679985000543E46 /* MapDrinkViewController.h */,
				566CF3F91679985000543E46 /* MapDrinkViewController.m */,
			);
			name = Stat;
			sourceTree = "<group>";
		};
/* End PBXGroup section */

/* Begin PBXNativeTarget section */
		56AE4BA7163201CB000F28D3 /* iDrank */ = {
			isa = PBXNativeTarget;
			buildConfigurationList = 56AE4BE1163201CC000F28D3 /* Build configuration list for PBXNativeTarget "iDrank" */;
			buildPhases = (
				56AE4BA4163201CB000F28D3 /* Sources */,
				56AE4BA5163201CB000F28D3 /* Frameworks */,
				56AE4BA6163201CB000F28D3 /* Resources */,
			);
			buildRules = (
			);
			dependencies = (
			);
			name = iDrank;
			productName = iDrank;
			productReference = 56AE4BA8163201CB000F28D3 /* iDrank.app */;
			productType = "com.apple.product-type.application";
		};
		56AE4BCE163201CC000F28D3 /* iDrankTests */ = {
			isa = PBXNativeTarget;
			buildConfigurationList = 56AE4BE4163201CC000F28D3 /* Build configuration list for PBXNativeTarget "iDrankTests" */;
			buildPhases = (
				56AE4BCA163201CC000F28D3 /* Sources */,
				56AE4BCB163201CC000F28D3 /* Frameworks */,
				56AE4BCC163201CC000F28D3 /* Resources */,
				56AE4BCD163201CC000F28D3 /* ShellScript */,
			);
			buildRules = (
			);
			dependencies = (
				56AE4BD5163201CC000F28D3 /* PBXTargetDependency */,
			);
			name = iDrankTests;
			productName = iDrankTests;
			productReference = 56AE4BCF163201CC000F28D3 /* iDrankTests.octest */;
			productType = "com.apple.product-type.bundle";
		};
/* End PBXNativeTarget section */

/* Begin PBXProject section */
		56AE4B9F163201CB000F28D3 /* Project object */ = {
			isa = PBXProject;
			attributes = {
				LastUpgradeCheck = 0450;
				ORGANIZATIONNAME = MANNW;
			};
			buildConfigurationList = 56AE4BA2163201CB000F28D3 /* Build configuration list for PBXProject "iDrank" */;
			compatibilityVersion = "Xcode 3.2";
			developmentRegion = English;
			hasScannedForEncodings = 0;
			knownRegions = (
				en,
			);
			mainGroup = 56AE4B9D163201CB000F28D3;
			productRefGroup = 56AE4BA9163201CB000F28D3 /* Products */;
			projectDirPath = "";
			projectRoot = "";
			targets = (
				56AE4BA7163201CB000F28D3 /* iDrank */,
				56AE4BCE163201CC000F28D3 /* iDrankTests */,
			);
		};
/* End PBXProject section */

/* Begin PBXResourcesBuildPhase section */
		56AE4BA6163201CB000F28D3 /* Resources */ = {
			isa = PBXResourcesBuildPhase;
			buildActionMask = 2147483647;
			files = (
				56AE4BB7163201CB000F28D3 /* InfoPlist.strings in Resources */,
				561360BD1654214C00AC5025 /* MainStoryboard.storyboard in Resources */,
				56B34271166978740084FEF2 /* AppIcon114x114.png in Resources */,
				56B342731669787F0084FEF2 /* AppIcon57x57.png in Resources */,
				56B342741669789D0084FEF2 /* Default-568h@2x.png in Resources */,
				56BF1E7216697B93007B8D37 /* Default@2x.png in Resources */,
				56BF1E7416697BA3007B8D37 /* Default.png in Resources */,
				56BF1E8316697C54007B8D37 /* age_label.png in Resources */,
				56BF1E8416697C54007B8D37 /* barmode_label.png in Resources */,
				56BF1E8516697C54007B8D37 /* female_deselect_button.png in Resources */,
				56BF1E8616697C54007B8D37 /* female_select_button.png in Resources */,
				56BF1E8716697C54007B8D37 /* gender_label.png in Resources */,
				56BF1E8816697C54007B8D37 /* male_select_button.png in Resources */,
				56BF1E8916697C54007B8D37 /* man_deselect_button.png in Resources */,
				56BF1E8A16697C54007B8D37 /* modifydrink_button.png in Resources */,
				56BF1E8B16697C54007B8D37 /* requiredfield_label.png in Resources */,
				56BF1E8C16697C54007B8D37 /* settings_background_5.png in Resources */,
				56BF1E8D16697C54007B8D37 /* settings_background.png in Resources */,
				56BF1E8E16697C54007B8D37 /* settings_background@2x.png in Resources */,
				56BF1E8F16697C54007B8D37 /* weight_label.png in Resources */,
				5633032C166991D90063F469 /* beer_icon.png in Resources */,
				5633032D166991D90063F469 /* liqour_icon.png in Resources */,
				5633032E166991D90063F469 /* wine_icon.png in Resources */,
				56330335166993AE0063F469 /* help_button copy.png in Resources */,
				56330336166993AE0063F469 /* home_background_image.png in Resources */,
				5638ECDC1671A8E3000C4096 /* night_background.png in Resources */,
				5638ECDD1671A8E3000C4096 /* night_background@2x.png in Resources */,
				5638ECDE1671A8E3000C4096 /* night_background_5.png in Resources */,
				5638ECDF1671A8E3000C4096 /* beer_button.png in Resources */,
				5638ECE11671A8E3000C4096 /* hardalc_button.png in Resources */,
				5638ECE21671A8E3000C4096 /* stats_button.png in Resources */,
				5638ECE31671A8E3000C4096 /* wine_button.png in Resources */,
				5638ECE71671AFBC000C4096 /* end_button.png in Resources */,
				5676A0761671E04F0011AC0D /* home_background.png in Resources */,
				5676A0771671E04F0011AC0D /* home_background@2x.png in Resources */,
				5676A0781671E04F0011AC0D /* home_background_5.png in Resources */,
				5676A0791671E04F0011AC0D /* help_button.png in Resources */,
				5676A07A1671E04F0011AC0D /* history_button.png in Resources */,
				5676A07B1671E04F0011AC0D /* settings_button.png in Resources */,
				5676A07C1671E04F0011AC0D /* start_button.png in Resources */,
				5676A07D1671E04F0011AC0D /* home_page_ref.png in Resources */,
				562345A01676E41F003B6135 /* drinkbutton.png in Resources */,
				566DC0421678414A00B05D74 /* Credits.png in Resources */,
				566CF4161679B0E500543E46 /* Drink.png in Resources */,
				566CF4171679B0E500543E46 /* 12oz.png in Resources */,
				566CF4181679B0E500543E46 /* 12ozcheck.png in Resources */,
				566CF4191679B0E500543E46 /* 24oz.png in Resources */,
				566CF41A1679B0E500543E46 /* 24ozcheck.png in Resources */,
				566CF41B1679B0E500543E46 /* 40oz.png in Resources */,
				566CF41C1679B0E500543E46 /* 40ozcheck.png in Resources */,
				566CF41D1679B0E500543E46 /* mixeddrink.png in Resources */,
				566CF41E1679B0E500543E46 /* mixeddrinkcheck.png in Resources */,
				566CF41F1679B0E500543E46 /* shot.png in Resources */,
				566CF4201679B0E500543E46 /* shotcheck.png in Resources */,
				566CF4211679B0E500543E46 /* 750bottle.png in Resources */,
				566CF4221679B0E500543E46 /* 750bottlecheck.png in Resources */,
				566CF4231679B0E500543E46 /* glass.png in Resources */,
				566CF4241679B0E500543E46 /* glasscheck.png in Resources */,
				11914BFC167AED5100934D90 /* help.html in Resources */,
				56AF6EA316B214790085095E /* accept.png in Resources */,
				56AF6EA416B214790085095E /* decline.png in Resources */,
				56AF47DD16B225B400F788D7 /* disclaimer@2x.png in Resources */,
				56AF47DE16B225B400F788D7 /* disclaimer5.png in Resources */,
			);
			runOnlyForDeploymentPostprocessing = 0;
		};
		56AE4BCC163201CC000F28D3 /* Resources */ = {
			isa = PBXResourcesBuildPhase;
			buildActionMask = 2147483647;
			files = (
				56AE4BDB163201CC000F28D3 /* InfoPlist.strings in Resources */,
			);
			runOnlyForDeploymentPostprocessing = 0;
		};
/* End PBXResourcesBuildPhase section */

/* Begin PBXShellScriptBuildPhase section */
		56AE4BCD163201CC000F28D3 /* ShellScript */ = {
			isa = PBXShellScriptBuildPhase;
			buildActionMask = 2147483647;
			files = (
			);
			inputPaths = (
			);
			outputPaths = (
			);
			runOnlyForDeploymentPostprocessing = 0;
			shellPath = /bin/sh;
			shellScript = "# Run the unit tests in this test bundle.\n\"${SYSTEM_DEVELOPER_DIR}/Tools/RunUnitTests\"\n";
		};
/* End PBXShellScriptBuildPhase section */

/* Begin PBXSourcesBuildPhase section */
		56AE4BA4163201CB000F28D3 /* Sources */ = {
			isa = PBXSourcesBuildPhase;
			buildActionMask = 2147483647;
			files = (
				56AE4BB9163201CB000F28D3 /* main.m in Sources */,
				56AE4BBD163201CB000F28D3 /* AppDelegate.m in Sources */,
				56605FE716349E3B00CD506E /* Help_View_ControllerViewController.m in Sources */,
				56605FF016349EFE00CD506E /* Credits_View_Controller.m in Sources */,
				56605FF316349F6200CD506E /* Main_Night_View_Controller.m in Sources */,
				11EC66501635D8DC00F702D1 /* ListOfDrinks.m in Sources */,
				11EC66541635E14E00F702D1 /* Drink.m in Sources */,
				1102B64F16361B95008DFB95 /* Stat.m in Sources */,
				1102B65316361BAF008DFB95 /* Information.m in Sources */,
				5693114E16363423005D89DA /* ViewController.m in Sources */,
				560134F1163641AC008706AA /* Main_Navigation_View_Controller.m in Sources */,
				565D03DE1638645D00819D3D /* HardLiquorViewController.m in Sources */,
				565D03E11638649F00819D3D /* BeerViewController.m in Sources */,
				565D03E4163864AA00819D3D /* WineViewController.m in Sources */,
				561360E21654245000AC5025 /* DrinkListTableViewController.m in Sources */,
				561360E31654245000AC5025 /* HistoryMenuViewController.m in Sources */,
				5612391A1663DAA2004E0F07 /* DrinkHistoryViewController.m in Sources */,
				117C2BBE1669708F001DC316 /* ListOfDrinksViewController.m in Sources */,
				56709950166D5D230021CEFF /* SettingsTableViewController.m in Sources */,
				11A6104E166E0D2900E0E4A9 /* Annotation.m in Sources */,
				11A61052166E0DCB00E0E4A9 /* MapViewController.m in Sources */,
				56F19D4C16719323007C805C /* StatTableViewController.m in Sources */,
				1171E1951676C61600E4DDC7 /* AddNewUserDrinkViewController.m in Sources */,
				562345901676CAEC003B6135 /* HistoryTableViewController.m in Sources */,
				566CF3FA1679985000543E46 /* MapDrinkViewController.m in Sources */,
				11C5A16B167A55BE00CC1641 /* HistoryMapViewController.m in Sources */,
				569BFDF2167AFEB200129E27 /* HistoryDrinkMapViewController.m in Sources */,
				563AE63916AF1AF300415DA5 /* disclamerViewController.m in Sources */,
			);
			runOnlyForDeploymentPostprocessing = 0;
		};
		56AE4BCA163201CC000F28D3 /* Sources */ = {
			isa = PBXSourcesBuildPhase;
			buildActionMask = 2147483647;
			files = (
				56AE4BDE163201CC000F28D3 /* iDrankTests.m in Sources */,
			);
			runOnlyForDeploymentPostprocessing = 0;
		};
/* End PBXSourcesBuildPhase section */

/* Begin PBXTargetDependency section */
		56AE4BD5163201CC000F28D3 /* PBXTargetDependency */ = {
			isa = PBXTargetDependency;
			target = 56AE4BA7163201CB000F28D3 /* iDrank */;
			targetProxy = 56AE4BD4163201CC000F28D3 /* PBXContainerItemProxy */;
		};
/* End PBXTargetDependency section */

/* Begin PBXVariantGroup section */
		561360BB1654214C00AC5025 /* MainStoryboard.storyboard */ = {
			isa = PBXVariantGroup;
			children = (
				561360BC1654214C00AC5025 /* en */,
			);
			name = MainStoryboard.storyboard;
			sourceTree = "<group>";
		};
		56AE4BB5163201CB000F28D3 /* InfoPlist.strings */ = {
			isa = PBXVariantGroup;
			children = (
				56AE4BB6163201CB000F28D3 /* en */,
			);
			name = InfoPlist.strings;
			sourceTree = "<group>";
		};
		56AE4BD9163201CC000F28D3 /* InfoPlist.strings */ = {
			isa = PBXVariantGroup;
			children = (
				56AE4BDA163201CC000F28D3 /* en */,
			);
			name = InfoPlist.strings;
			sourceTree = "<group>";
		};
/* End PBXVariantGroup section */

/* Begin XCBuildConfiguration section */
		56AE4BDF163201CC000F28D3 /* Debug */ = {
			isa = XCBuildConfiguration;
			buildSettings = {
				ALWAYS_SEARCH_USER_PATHS = NO;
				CLANG_CXX_LANGUAGE_STANDARD = "gnu++0x";
				CLANG_CXX_LIBRARY = "libc++";
				CLANG_ENABLE_OBJC_ARC = YES;
				CLANG_WARN_EMPTY_BODY = YES;
				CLANG_WARN__DUPLICATE_METHOD_MATCH = YES;
				"CODE_SIGN_IDENTITY[sdk=iphoneos*]" = "iPhone Developer";
				COPY_PHASE_STRIP = NO;
				GCC_C_LANGUAGE_STANDARD = gnu99;
				GCC_DYNAMIC_NO_PIC = NO;
				GCC_OPTIMIZATION_LEVEL = 0;
				GCC_PREPROCESSOR_DEFINITIONS = (
					"DEBUG=1",
					"$(inherited)",
				);
				GCC_SYMBOLS_PRIVATE_EXTERN = NO;
				GCC_WARN_ABOUT_RETURN_TYPE = YES;
				GCC_WARN_UNINITIALIZED_AUTOS = YES;
				GCC_WARN_UNUSED_VARIABLE = YES;
				IPHONEOS_DEPLOYMENT_TARGET = 6.0;
				ONLY_ACTIVE_ARCH = YES;
				SDKROOT = iphoneos;
			};
			name = Debug;
		};
		56AE4BE0163201CC000F28D3 /* Release */ = {
			isa = XCBuildConfiguration;
			buildSettings = {
				ALWAYS_SEARCH_USER_PATHS = NO;
				CLANG_CXX_LANGUAGE_STANDARD = "gnu++0x";
				CLANG_CXX_LIBRARY = "libc++";
				CLANG_ENABLE_OBJC_ARC = YES;
				CLANG_WARN_EMPTY_BODY = YES;
				CLANG_WARN__DUPLICATE_METHOD_MATCH = YES;
				"CODE_SIGN_IDENTITY[sdk=iphoneos*]" = "iPhone Developer";
				COPY_PHASE_STRIP = YES;
				GCC_C_LANGUAGE_STANDARD = gnu99;
				GCC_WARN_ABOUT_RETURN_TYPE = YES;
				GCC_WARN_UNINITIALIZED_AUTOS = YES;
				GCC_WARN_UNUSED_VARIABLE = YES;
				IPHONEOS_DEPLOYMENT_TARGET = 6.0;
				OTHER_CFLAGS = "-DNS_BLOCK_ASSERTIONS=1";
				SDKROOT = iphoneos;
				VALIDATE_PRODUCT = YES;
			};
			name = Release;
		};
		56AE4BE2163201CC000F28D3 /* Debug */ = {
			isa = XCBuildConfiguration;
			buildSettings = {
				CODE_SIGN_IDENTITY = "iPhone Developer";
				GCC_PRECOMPILE_PREFIX_HEADER = YES;
				GCC_PREFIX_HEADER = "iDrank/iDrank-Prefix.pch";
				INFOPLIST_FILE = "iDrank/iDrank-Info.plist";
				IPHONEOS_DEPLOYMENT_TARGET = 6.0;
				PRODUCT_NAME = "$(TARGET_NAME)";
				PROVISIONING_PROFILE = "";
				WRAPPER_EXTENSION = app;
			};
			name = Debug;
		};
		56AE4BE3163201CC000F28D3 /* Release */ = {
			isa = XCBuildConfiguration;
			buildSettings = {
				CODE_SIGN_IDENTITY = "iPhone Distribution";
				GCC_PRECOMPILE_PREFIX_HEADER = YES;
				GCC_PREFIX_HEADER = "iDrank/iDrank-Prefix.pch";
				INFOPLIST_FILE = "iDrank/iDrank-Info.plist";
				IPHONEOS_DEPLOYMENT_TARGET = 6.0;
				PRODUCT_NAME = "$(TARGET_NAME)";
				PROVISIONING_PROFILE = "";
				WRAPPER_EXTENSION = app;
			};
			name = Release;
		};
		56AE4BE5163201CC000F28D3 /* Debug */ = {
			isa = XCBuildConfiguration;
			buildSettings = {
				BUNDLE_LOADER = "$(BUILT_PRODUCTS_DIR)/iDrank.app/iDrank";
				FRAMEWORK_SEARCH_PATHS = (
					"\"$(SDKROOT)/Developer/Library/Frameworks\"",
					"\"$(DEVELOPER_LIBRARY_DIR)/Frameworks\"",
				);
				GCC_PRECOMPILE_PREFIX_HEADER = YES;
				GCC_PREFIX_HEADER = "iDrank/iDrank-Prefix.pch";
				INFOPLIST_FILE = "iDrankTests/iDrankTests-Info.plist";
				PRODUCT_NAME = "$(TARGET_NAME)";
				TEST_HOST = "$(BUNDLE_LOADER)";
				WRAPPER_EXTENSION = octest;
			};
			name = Debug;
		};
		56AE4BE6163201CC000F28D3 /* Release */ = {
			isa = XCBuildConfiguration;
			buildSettings = {
				BUNDLE_LOADER = "$(BUILT_PRODUCTS_DIR)/iDrank.app/iDrank";
				FRAMEWORK_SEARCH_PATHS = (
					"\"$(SDKROOT)/Developer/Library/Frameworks\"",
					"\"$(DEVELOPER_LIBRARY_DIR)/Frameworks\"",
				);
				GCC_PRECOMPILE_PREFIX_HEADER = YES;
				GCC_PREFIX_HEADER = "iDrank/iDrank-Prefix.pch";
				INFOPLIST_FILE = "iDrankTests/iDrankTests-Info.plist";
				PRODUCT_NAME = "$(TARGET_NAME)";
				TEST_HOST = "$(BUNDLE_LOADER)";
				WRAPPER_EXTENSION = octest;
			};
			name = Release;
		};
/* End XCBuildConfiguration section */

/* Begin XCConfigurationList section */
		56AE4BA2163201CB000F28D3 /* Build configuration list for PBXProject "iDrank" */ = {
			isa = XCConfigurationList;
			buildConfigurations = (
				56AE4BDF163201CC000F28D3 /* Debug */,
				56AE4BE0163201CC000F28D3 /* Release */,
			);
			defaultConfigurationIsVisible = 0;
			defaultConfigurationName = Release;
		};
		56AE4BE1163201CC000F28D3 /* Build configuration list for PBXNativeTarget "iDrank" */ = {
			isa = XCConfigurationList;
			buildConfigurations = (
				56AE4BE2163201CC000F28D3 /* Debug */,
				56AE4BE3163201CC000F28D3 /* Release */,
			);
			defaultConfigurationIsVisible = 0;
			defaultConfigurationName = Release;
		};
		56AE4BE4163201CC000F28D3 /* Build configuration list for PBXNativeTarget "iDrankTests" */ = {
			isa = XCConfigurationList;
			buildConfigurations = (
				56AE4BE5163201CC000F28D3 /* Debug */,
				56AE4BE6163201CC000F28D3 /* Release */,
			);
			defaultConfigurationIsVisible = 0;
			defaultConfigurationName = Release;
		};
/* End XCConfigurationList section */
	};
	rootObject = 56AE4B9F163201CB000F28D3 /* Project object */;
}
